
Microsoft Visual Studio Solution File, Format Version 12.00
# Visual Studio Version 16
VisualStudioVersion = 16.0.31129.286
MinimumVisualStudioVersion = 10.0.40219.1
Project("{9A19103F-16F7-4668-BE54-9A1E7A4F7556}") = "Radio Player", "Radio Player\Radio Player.csproj", "{071EBE77-DC39-421D-8B84-3A0E5E954385}"
EndProject
Global
	GlobalSection(SolutionConfigurationPlatforms) = preSolution
		Debug|Any CPU = Debug|Any CPU
		Release|Any CPU = Release|Any CPU
	EndGlobalSection
	GlobalSection(ProjectConfigurationPlatforms) = postSolution
		{071EBE77-DC39-421D-8B84-3A0E5E954385}.Debug|Any CPU.ActiveCfg = Debug|Any CPU
		{071EBE77-DC39-421D-8B84-3A0E5E954385}.Debug|Any CPU.Build.0 = Debug|Any CPU
		{071EBE77-DC39-421D-8B84-3A0E5E954385}.Release|Any CPU.ActiveCfg = Release|Any CPU
		{071EBE77-DC39-421D-8B84-3A0E5E954385}.Release|Any CPU.Build.0 = Release|Any CPU
	EndGlobalSection
	GlobalSection(SolutionProperties) = preSolution
		HideSolutionNode = FALSE
	EndGlobalSection
	GlobalSection(ExtensibilityGlobals) = postSolution
		SolutionGuid = {4187E3C9-6042-4D19-A8FF-9CCE96677A8B}
	EndGlobalSection
EndGlobal
